{
  "name": "jfrog-npm-build-publish",
  "lockfileVersion": 2,
  "requires": true,
  "packages": {
    "": {
      "name": "jfrog-npm-build-publish",
      "dependencies": {
        "utia": "0.0.1-security"
      }
    },
    "node_modules/utia": {
      "version": "0.0.1-security",
      "resolved": "https://entplus.jfrog.io/artifactory/api/npm/npm-virtual/utia/-/utia-0.0.1-security.tgz",
      "integrity": "sha512-RnQMVx/i8aL2qprSbB/3gv8bmKVhlBfTOiXW+KoapewMnFPb7vqlsIkzmE+BfQYNOy4nobszwbYm2poOm/kRXw=="
    }
  },
  "dependencies": {
    "utia": {
      "version": "0.0.1-security",
      "resolved": "https://entplus.jfrog.io/artifactory/api/npm/npm-virtual/utia/-/utia-0.0.1-security.tgz",
      "integrity": "sha512-RnQMVx/i8aL2qprSbB/3gv8bmKVhlBfTOiXW+KoapewMnFPb7vqlsIkzmE+BfQYNOy4nobszwbYm2poOm/kRXw=="
    }
  }
}
